// !$*UTF8*$!
{
	archiveVersion = 1;
	classes = {
	};
	objectVersion = 56;
	objects = {

/* Begin PBXBuildFile section */
		317303EC2ADECC5800D9DFCF /* CalculatorApp.swift in Sources */ = {isa = PBXBuildFile; fileRef = 317303EB2ADECC5800D9DFCF /* CalculatorApp.swift */; };
		317303EE2ADECC5800D9DFCF /* ContentView.swift in Sources */ = {isa = PBXBuildFile; fileRef = 317303ED2ADECC5800D9DFCF /* ContentView.swift */; };
		317303F02ADECC5900D9DFCF /* Assets.xcassets in Resources */ = {isa = PBXBuildFile; fileRef = 317303EF2ADECC5900D9DFCF /* Assets.xcassets */; };
		317303F32ADECC5900D9DFCF /* Preview Assets.xcassets in Resources */ = {isa = PBXBuildFile; fileRef = 317303F22ADECC5900D9DFCF /* Preview Assets.xcassets */; };
		317303FD2ADECC5A00D9DFCF /* CalculatorTests.swift in Sources */ = {isa = PBXBuildFile; fileRef = 317303FC2ADECC5A00D9DFCF /* CalculatorTests.swift */; };
		317304072ADECC5A00D9DFCF /* CalculatorUITests.swift in Sources */ = {isa = PBXBuildFile; fileRef = 317304062ADECC5A00D9DFCF /* CalculatorUITests.swift */; };
		317304092ADECC5A00D9DFCF /* CalculatorUITestsLaunchTests.swift in Sources */ = {isa = PBXBuildFile; fileRef = 317304082ADECC5A00D9DFCF /* CalculatorUITestsLaunchTests.swift */; };
		317304192ADED0FF00D9DFCF /* Calculator_ViewModel.swift in Sources */ = {isa = PBXBuildFile; fileRef = 317304182ADED0FF00D9DFCF /* Calculator_ViewModel.swift */; };
		3173041B2ADED14E00D9DFCF /* Calculator_View.swift in Sources */ = {isa = PBXBuildFile; fileRef = 3173041A2ADED14E00D9DFCF /* Calculator_View.swift */; };
		3173041E2ADED3AC00D9DFCF /* Calc_Utils.swift in Sources */ = {isa = PBXBuildFile; fileRef = 3173041D2ADED3AC00D9DFCF /* Calc_Utils.swift */; };
		317304202ADED45600D9DFCF /* CalcButton_View.swift in Sources */ = {isa = PBXBuildFile; fileRef = 3173041F2ADED45600D9DFCF /* CalcButton_View.swift */; };
/* End PBXBuildFile section */

/* Begin PBXContainerItemProxy section */
		317303F92ADECC5A00D9DFCF /* PBXContainerItemProxy */ = {
			isa = PBXContainerItemProxy;
			containerPortal = 317303E02ADECC5800D9DFCF /* Project object */;
			proxyType = 1;
			remoteGlobalIDString = 317303E72ADECC5800D9DFCF;
			remoteInfo = Calculator;
		};
		317304032ADECC5A00D9DFCF /* PBXContainerItemProxy */ = {
			isa = PBXContainerItemProxy;
			containerPortal = 317303E02ADECC5800D9DFCF /* Project object */;
			proxyType = 1;
			remoteGlobalIDString = 317303E72ADECC5800D9DFCF;
			remoteInfo = Calculator;
		};
/* End PBXContainerItemProxy section */

/* Begin PBXFileReference section */
		317303E82ADECC5800D9DFCF /* Calculator.app */ = {isa = PBXFileReference; explicitFileType = wrapper.application; includeInIndex = 0; path = Calculator.app; sourceTree = BUILT_PRODUCTS_DIR; };
		317303EB2ADECC5800D9DFCF /* CalculatorApp.swift */ = {isa = PBXFileReference; lastKnownFileType = sourcecode.swift; path = CalculatorApp.swift; sourceTree = "<group>"; };
		317303ED2ADECC5800D9DFCF /* ContentView.swift */ = {isa = PBXFileReference; lastKnownFileType = sourcecode.swift; path = ContentView.swift; sourceTree = "<group>"; };
		317303EF2ADECC5900D9DFCF /* Assets.xcassets */ = {isa = PBXFileReference; lastKnownFileType = folder.assetcatalog; path = Assets.xcassets; sourceTree = "<group>"; };
		317303F22ADECC5900D9DFCF /* Preview Assets.xcassets */ = {isa = PBXFileReference; lastKnownFileType = folder.assetcatalog; path = "Preview Assets.xcassets"; sourceTree = "<group>"; };
		317303F82ADECC5A00D9DFCF /* CalculatorTests.xctest */ = {isa = PBXFileReference; explicitFileType = wrapper.cfbundle; includeInIndex = 0; path = CalculatorTests.xctest; sourceTree = BUILT_PRODUCTS_DIR; };
		317303FC2ADECC5A00D9DFCF /* CalculatorTests.swift */ = {isa = PBXFileReference; lastKnownFileType = sourcecode.swift; path = CalculatorTests.swift; sourceTree = "<group>"; };
		317304022ADECC5A00D9DFCF /* CalculatorUITests.xctest */ = {isa = PBXFileReference; explicitFileType = wrapper.cfbundle; includeInIndex = 0; path = CalculatorUITests.xctest; sourceTree = BUILT_PRODUCTS_DIR; };
		317304062ADECC5A00D9DFCF /* CalculatorUITests.swift */ = {isa = PBXFileReference; lastKnownFileType = sourcecode.swift; path = CalculatorUITests.swift; sourceTree = "<group>"; };
		317304082ADECC5A00D9DFCF /* CalculatorUITestsLaunchTests.swift */ = {isa = PBXFileReference; lastKnownFileType = sourcecode.swift; path = CalculatorUITestsLaunchTests.swift; sourceTree = "<group>"; };
		317304182ADED0FF00D9DFCF /* Calculator_ViewModel.swift */ = {isa = PBXFileReference; lastKnownFileType = sourcecode.swift; path = Calculator_ViewModel.swift; sourceTree = "<group>"; };
		3173041A2ADED14E00D9DFCF /* Calculator_View.swift */ = {isa = PBXFileReference; lastKnownFileType = sourcecode.swift; path = Calculator_View.swift; sourceTree = "<group>"; };
		3173041D2ADED3AC00D9DFCF /* Calc_Utils.swift */ = {isa = PBXFileReference; lastKnownFileType = sourcecode.swift; path = Calc_Utils.swift; sourceTree = "<group>"; };
		3173041F2ADED45600D9DFCF /* CalcButton_View.swift */ = {isa = PBXFileReference; lastKnownFileType = sourcecode.swift; path = CalcButton_View.swift; sourceTree = "<group>"; };
/* End PBXFileReference section */

/* Begin PBXFrameworksBuildPhase section */
		317303E52ADECC5800D9DFCF /* Frameworks */ = {
			isa = PBXFrameworksBuildPhase;
			buildActionMask = 2147483647;
			files = (
			);
			runOnlyForDeploymentPostprocessing = 0;
		};
		317303F52ADECC5A00D9DFCF /* Frameworks */ = {
			isa = PBXFrameworksBuildPhase;
			buildActionMask = 2147483647;
			files = (
			);
			runOnlyForDeploymentPostprocessing = 0;
		};
		317303FF2ADECC5A00D9DFCF /* Frameworks */ = {
			isa = PBXFrameworksBuildPhase;
			buildActionMask = 2147483647;
			files = (
			);
			runOnlyForDeploymentPostprocessing = 0;
		};
/* End PBXFrameworksBuildPhase section */

/* Begin PBXGroup section */
		317303DF2ADECC5800D9DFCF = {
			isa = PBXGroup;
			children = (
				317303EA2ADECC5800D9DFCF /* Calculator */,
				317303FB2ADECC5A00D9DFCF /* CalculatorTests */,
				317304052ADECC5A00D9DFCF /* CalculatorUITests */,
				317303E92ADECC5800D9DFCF /* Products */,
			);
			sourceTree = "<group>";
		};
		317303E92ADECC5800D9DFCF /* Products */ = {
			isa = PBXGroup;
			children = (
				317303E82ADECC5800D9DFCF /* Calculator.app */,
				317303F82ADECC5A00D9DFCF /* CalculatorTests.xctest */,
				317304022ADECC5A00D9DFCF /* CalculatorUITests.xctest */,
			);
			name = Products;
			sourceTree = "<group>";
		};
		317303EA2ADECC5800D9DFCF /* Calculator */ = {
			isa = PBXGroup;
			children = (
				3173041C2ADED39200D9DFCF /* Utils */,
				317304172ADED04C00D9DFCF /* ViewModel */,
				317304162ADED04700D9DFCF /* Model */,
				317304152ADED03D00D9DFCF /* View */,
				317303EF2ADECC5900D9DFCF /* Assets.xcassets */,
				317303F12ADECC5900D9DFCF /* Preview Content */,
			);
			path = Calculator;
			sourceTree = "<group>";
		};
		317303F12ADECC5900D9DFCF /* Preview Content */ = {
			isa = PBXGroup;
			children = (
				317303F22ADECC5900D9DFCF /* Preview Assets.xcassets */,
			);
			path = "Preview Content";
			sourceTree = "<group>";
		};
		317303FB2ADECC5A00D9DFCF /* CalculatorTests */ = {
			isa = PBXGroup;
			children = (
				317303FC2ADECC5A00D9DFCF /* CalculatorTests.swift */,
			);
			path = CalculatorTests;
			sourceTree = "<group>";
		};
		317304052ADECC5A00D9DFCF /* CalculatorUITests */ = {
			isa = PBXGroup;
			children = (
				317304062ADECC5A00D9DFCF /* CalculatorUITests.swift */,
				317304082ADECC5A00D9DFCF /* CalculatorUITestsLaunchTests.swift */,
			);
			path = CalculatorUITests;
			sourceTree = "<group>";
		};
		317304152ADED03D00D9DFCF /* View */ = {
			isa = PBXGroup;
			children = (
				3173041A2ADED14E00D9DFCF /* Calculator_View.swift */,
				317303EB2ADECC5800D9DFCF /* CalculatorApp.swift */,
				317303ED2ADECC5800D9DFCF /* ContentView.swift */,
				3173041F2ADED45600D9DFCF /* CalcButton_View.swift */,
			);
			path = View;
			sourceTree = "<group>";
		};
		317304162ADED04700D9DFCF /* Model */ = {
			isa = PBXGroup;
			children = (
			);
			path = Model;
			sourceTree = "<group>";
		};
		317304172ADED04C00D9DFCF /* ViewModel */ = {
			isa = PBXGroup;
			children = (
				317304182ADED0FF00D9DFCF /* Calculator_ViewModel.swift */,
			);
			path = ViewModel;
			sourceTree = "<group>";
		};
		3173041C2ADED39200D9DFCF /* Utils */ = {
			isa = PBXGroup;
			children = (
				3173041D2ADED3AC00D9DFCF /* Calc_Utils.swift */,
			);
			path = Utils;
			sourceTree = "<group>";
		};
/* End PBXGroup section */

/* Begin PBXNativeTarget section */
		317303E72ADECC5800D9DFCF /* Calculator */ = {
			isa = PBXNativeTarget;
			buildConfigurationList = 3173040C2ADECC5A00D9DFCF /* Build configuration list for PBXNativeTarget "Calculator" */;
			buildPhases = (
				317303E42ADECC5800D9DFCF /* Sources */,
				317303E52ADECC5800D9DFCF /* Frameworks */,
				317303E62ADECC5800D9DFCF /* Resources */,
			);
			buildRules = (
			);
			dependencies = (
			);
			name = Calculator;
			productName = Calculator;
			productReference = 317303E82ADECC5800D9DFCF /* Calculator.app */;
			productType = "com.apple.product-type.application";
		};
		317303F72ADECC5A00D9DFCF /* CalculatorTests */ = {
			isa = PBXNativeTarget;
			buildConfigurationList = 3173040F2ADECC5A00D9DFCF /* Build configuration list for PBXNativeTarget "CalculatorTests" */;
			buildPhases = (
				317303F42ADECC5A00D9DFCF /* Sources */,
				317303F52ADECC5A00D9DFCF /* Frameworks */,
				317303F62ADECC5A00D9DFCF /* Resources */,
			);
			buildRules = (
			);
			dependencies = (
				317303FA2ADECC5A00D9DFCF /* PBXTargetDependency */,
			);
			name = CalculatorTests;
			productName = CalculatorTests;
			productReference = 317303F82ADECC5A00D9DFCF /* CalculatorTests.xctest */;
			productType = "com.apple.product-type.bundle.unit-test";
		};
		317304012ADECC5A00D9DFCF /* CalculatorUITests */ = {
			isa = PBXNativeTarget;
			buildConfigurationList = 317304122ADECC5A00D9DFCF /* Build configuration list for PBXNativeTarget "CalculatorUITests" */;
			buildPhases = (
				317303FE2ADECC5A00D9DFCF /* Sources */,
				317303FF2ADECC5A00D9DFCF /* Frameworks */,
				317304002ADECC5A00D9DFCF /* Resources */,
			);
			buildRules = (
			);
			dependencies = (
				317304042ADECC5A00D9DFCF /* PBXTargetDependency */,
			);
			name = CalculatorUITests;
			productName = CalculatorUITests;
			productReference = 317304022ADECC5A00D9DFCF /* CalculatorUITests.xctest */;
			productType = "com.apple.product-type.bundle.ui-testing";
		};
/* End PBXNativeTarget section */

/* Begin PBXProject section */
		317303E02ADECC5800D9DFCF /* Project object */ = {
			isa = PBXProject;
			attributes = {
				BuildIndependentTargetsInParallel = 1;
				LastSwiftUpdateCheck = 1500;
				LastUpgradeCheck = 1500;
				TargetAttributes = {
					317303E72ADECC5800D9DFCF = {
						CreatedOnToolsVersion = 15.0;
					};
					317303F72ADECC5A00D9DFCF = {
						CreatedOnToolsVersion = 15.0;
						TestTargetID = 317303E72ADECC5800D9DFCF;
					};
					317304012ADECC5A00D9DFCF = {
						CreatedOnToolsVersion = 15.0;
						TestTargetID = 317303E72ADECC5800D9DFCF;
					};
				};
			};
			buildConfigurationList = 317303E32ADECC5800D9DFCF /* Build configuration list for PBXProject "Calculator" */;
			compatibilityVersion = "Xcode 14.0";
			developmentRegion = en;
			hasScannedForEncodings = 0;
			knownRegions = (
				en,
				Base,
			);
			mainGroup = 317303DF2ADECC5800D9DFCF;
			productRefGroup = 317303E92ADECC5800D9DFCF /* Products */;
			projectDirPath = "";
			projectRoot = "";
			targets = (
				317303E72ADECC5800D9DFCF /* Calculator */,
				317303F72ADECC5A00D9DFCF /* CalculatorTests */,
				317304012ADECC5A00D9DFCF /* CalculatorUITests */,
			);
		};
/* End PBXProject section */

/* Begin PBXResourcesBuildPhase section */
		317303E62ADECC5800D9DFCF /* Resources */ = {
			isa = PBXResourcesBuildPhase;
			buildActionMask = 2147483647;
			files = (
				317303F32ADECC5900D9DFCF /* Preview Assets.xcassets in Resources */,
				317303F02ADECC5900D9DFCF /* Assets.xcassets in Resources */,
			);
			runOnlyForDeploymentPostprocessing = 0;
		};
		317303F62ADECC5A00D9DFCF /* Resources */ = {
			isa = PBXResourcesBuildPhase;
			buildActionMask = 2147483647;
			files = (
			);
			runOnlyForDeploymentPostprocessing = 0;
		};
		317304002ADECC5A00D9DFCF /* Resources */ = {
			isa = PBXResourcesBuildPhase;
			buildActionMask = 2147483647;
			files = (
			);
			runOnlyForDeploymentPostprocessing = 0;
		};
/* End PBXResourcesBuildPhase section */

/* Begin PBXSourcesBuildPhase section */
		317303E42ADECC5800D9DFCF /* Sources */ = {
			isa = PBXSourcesBuildPhase;
			buildActionMask = 2147483647;
			files = (
				3173041B2ADED14E00D9DFCF /* Calculator_View.swift in Sources */,
				317304202ADED45600D9DFCF /* CalcButton_View.swift in Sources */,
				317303EE2ADECC5800D9DFCF /* ContentView.swift in Sources */,
				317304192ADED0FF00D9DFCF /* Calculator_ViewModel.swift in Sources */,
				3173041E2ADED3AC00D9DFCF /* Calc_Utils.swift in Sources */,
				317303EC2ADECC5800D9DFCF /* CalculatorApp.swift in Sources */,
			);
			runOnlyForDeploymentPostprocessing = 0;
		};
		317303F42ADECC5A00D9DFCF /* Sources */ = {
			isa = PBXSourcesBuildPhase;
			buildActionMask = 2147483647;
			files = (
				317303FD2ADECC5A00D9DFCF /* CalculatorTests.swift in Sources */,
			);
			runOnlyForDeploymentPostprocessing = 0;
		};
		317303FE2ADECC5A00D9DFCF /* Sources */ = {
			isa = PBXSourcesBuildPhase;
			buildActionMask = 2147483647;
			files = (
				317304092ADECC5A00D9DFCF /* CalculatorUITestsLaunchTests.swift in Sources */,
				317304072ADECC5A00D9DFCF /* CalculatorUITests.swift in Sources */,
			);
			runOnlyForDeploymentPostprocessing = 0;
		};
/* End PBXSourcesBuildPhase section */

/* Begin PBXTargetDependency section */
		317303FA2ADECC5A00D9DFCF /* PBXTargetDependency */ = {
			isa = PBXTargetDependency;
			target = 317303E72ADECC5800D9DFCF /* Calculator */;
			targetProxy = 317303F92ADECC5A00D9DFCF /* PBXContainerItemProxy */;
		};
		317304042ADECC5A00D9DFCF /* PBXTargetDependency */ = {
			isa = PBXTargetDependency;
			target = 317303E72ADECC5800D9DFCF /* Calculator */;
			targetProxy = 317304032ADECC5A00D9DFCF /* PBXContainerItemProxy */;
		};
/* End PBXTargetDependency section */

/* Begin XCBuildConfiguration section */
		3173040A2ADECC5A00D9DFCF /* Debug */ = {
			isa = XCBuildConfiguration;
			buildSettings = {
				ALWAYS_SEARCH_USER_PATHS = NO;
				ASSETCATALOG_COMPILER_GENERATE_SWIFT_ASSET_SYMBOL_EXTENSIONS = YES;
				CLANG_ANALYZER_NONNULL = YES;
				CLANG_ANALYZER_NUMBER_OBJECT_CONVERSION = YES_AGGRESSIVE;
				CLANG_CXX_LANGUAGE_STANDARD = "gnu++20";
				CLANG_ENABLE_MODULES = YES;
				CLANG_ENABLE_OBJC_ARC = YES;
				CLANG_ENABLE_OBJC_WEAK = YES;
				CLANG_WARN_BLOCK_CAPTURE_AUTORELEASING = YES;
				CLANG_WARN_BOOL_CONVERSION = YES;
				CLANG_WARN_COMMA = YES;
				CLANG_WARN_CONSTANT_CONVERSION = YES;
				CLANG_WARN_DEPRECATED_OBJC_IMPLEMENTATIONS = YES;
				CLANG_WARN_DIRECT_OBJC_ISA_USAGE = YES_ERROR;
				CLANG_WARN_DOCUMENTATION_COMMENTS = YES;
				CLANG_WARN_EMPTY_BODY = YES;
				CLANG_WARN_ENUM_CONVERSION = YES;
				CLANG_WARN_INFINITE_RECURSION = YES;
				CLANG_WARN_INT_CONVERSION = YES;
				CLANG_WARN_NON_LITERAL_NULL_CONVERSION = YES;
				CLANG_WARN_OBJC_IMPLICIT_RETAIN_SELF = YES;
				CLANG_WARN_OBJC_LITERAL_CONVERSION = YES;
				CLANG_WARN_OBJC_ROOT_CLASS = YES_ERROR;
				CLANG_WARN_QUOTED_INCLUDE_IN_FRAMEWORK_HEADER = YES;
				CLANG_WARN_RANGE_LOOP_ANALYSIS = YES;
				CLANG_WARN_STRICT_PROTOTYPES = YES;
				CLANG_WARN_SUSPICIOUS_MOVE = YES;
				CLANG_WARN_UNGUARDED_AVAILABILITY = YES_AGGRESSIVE;
				CLANG_WARN_UNREACHABLE_CODE = YES;
				CLANG_WARN__DUPLICATE_METHOD_MATCH = YES;
				COPY_PHASE_STRIP = NO;
				DEBUG_INFORMATION_FORMAT = dwarf;
				ENABLE_STRICT_OBJC_MSGSEND = YES;
				ENABLE_TESTABILITY = YES;
				ENABLE_USER_SCRIPT_SANDBOXING = YES;
				GCC_C_LANGUAGE_STANDARD = gnu17;
				GCC_DYNAMIC_NO_PIC = NO;
				GCC_NO_COMMON_BLOCKS = YES;
				GCC_OPTIMIZATION_LEVEL = 0;
				GCC_PREPROCESSOR_DEFINITIONS = (
					"DEBUG=1",
					"$(inherited)",
				);
				GCC_WARN_64_TO_32_BIT_CONVERSION = YES;
				GCC_WARN_ABOUT_RETURN_TYPE = YES_ERROR;
				GCC_WARN_UNDECLARED_SELECTOR = YES;
				GCC_WARN_UNINITIALIZED_AUTOS = YES_AGGRESSIVE;
				GCC_WARN_UNUSED_FUNCTION = YES;
				GCC_WARN_UNUSED_VARIABLE = YES;
				IPHONEOS_DEPLOYMENT_TARGET = 17.0;
				LOCALIZATION_PREFERS_STRING_CATALOGS = YES;
				MTL_ENABLE_DEBUG_INFO = INCLUDE_SOURCE;
				MTL_FAST_MATH = YES;
				ONLY_ACTIVE_ARCH = YES;
				SDKROOT = iphoneos;
				SWIFT_ACTIVE_COMPILATION_CONDITIONS = "DEBUG $(inherited)";
				SWIFT_OPTIMIZATION_LEVEL = "-Onone";
			};
			name = Debug;
		};
		3173040B2ADECC5A00D9DFCF /* Release */ = {
			isa = XCBuildConfiguration;
			buildSettings = {
				ALWAYS_SEARCH_USER_PATHS = NO;
				ASSETCATALOG_COMPILER_GENERATE_SWIFT_ASSET_SYMBOL_EXTENSIONS = YES;
				CLANG_ANALYZER_NONNULL = YES;
				CLANG_ANALYZER_NUMBER_OBJECT_CONVERSION = YES_AGGRESSIVE;
				CLANG_CXX_LANGUAGE_STANDARD = "gnu++20";
				CLANG_ENABLE_MODULES = YES;
				CLANG_ENABLE_OBJC_ARC = YES;
				CLANG_ENABLE_OBJC_WEAK = YES;
				CLANG_WARN_BLOCK_CAPTURE_AUTORELEASING = YES;
				CLANG_WARN_BOOL_CONVERSION = YES;
				CLANG_WARN_COMMA = YES;
				CLANG_WARN_CONSTANT_CONVERSION = YES;
				CLANG_WARN_DEPRECATED_OBJC_IMPLEMENTATIONS = YES;
				CLANG_WARN_DIRECT_OBJC_ISA_USAGE = YES_ERROR;
				CLANG_WARN_DOCUMENTATION_COMMENTS = YES;
				CLANG_WARN_EMPTY_BODY = YES;
				CLANG_WARN_ENUM_CONVERSION = YES;
				CLANG_WARN_INFINITE_RECURSION = YES;
				CLANG_WARN_INT_CONVERSION = YES;
				CLANG_WARN_NON_LITERAL_NULL_CONVERSION = YES;
				CLANG_WARN_OBJC_IMPLICIT_RETAIN_SELF = YES;
				CLANG_WARN_OBJC_LITERAL_CONVERSION = YES;
				CLANG_WARN_OBJC_ROOT_CLASS = YES_ERROR;
				CLANG_WARN_QUOTED_INCLUDE_IN_FRAMEWORK_HEADER = YES;
				CLANG_WARN_RANGE_LOOP_ANALYSIS = YES;
				CLANG_WARN_STRICT_PROTOTYPES = YES;
				CLANG_WARN_SUSPICIOUS_MOVE = YES;
				CLANG_WARN_UNGUARDED_AVAILABILITY = YES_AGGRESSIVE;
				CLANG_WARN_UNREACHABLE_CODE = YES;
				CLANG_WARN__DUPLICATE_METHOD_MATCH = YES;
				COPY_PHASE_STRIP = NO;
				DEBUG_INFORMATION_FORMAT = "dwarf-with-dsym";
				ENABLE_NS_ASSERTIONS = NO;
				ENABLE_STRICT_OBJC_MSGSEND = YES;
				ENABLE_USER_SCRIPT_SANDBOXING = YES;
				GCC_C_LANGUAGE_STANDARD = gnu17;
				GCC_NO_COMMON_BLOCKS = YES;
				GCC_WARN_64_TO_32_BIT_CONVERSION = YES;
				GCC_WARN_ABOUT_RETURN_TYPE = YES_ERROR;
				GCC_WARN_UNDECLARED_SELECTOR = YES;
				GCC_WARN_UNINITIALIZED_AUTOS = YES_AGGRESSIVE;
				GCC_WARN_UNUSED_FUNCTION = YES;
				GCC_WARN_UNUSED_VARIABLE = YES;
				IPHONEOS_DEPLOYMENT_TARGET = 17.0;
				LOCALIZATION_PREFERS_STRING_CATALOGS = YES;
				MTL_ENABLE_DEBUG_INFO = NO;
				MTL_FAST_MATH = YES;
				SDKROOT = iphoneos;
				SWIFT_COMPILATION_MODE = wholemodule;
				VALIDATE_PRODUCT = YES;
			};
			name = Release;
		};
		3173040D2ADECC5A00D9DFCF /* Debug */ = {
			isa = XCBuildConfiguration;
			buildSettings = {
				ASSETCATALOG_COMPILER_APPICON_NAME = AppIcon;
				ASSETCATALOG_COMPILER_GLOBAL_ACCENT_COLOR_NAME = AccentColor;
				CODE_SIGN_STYLE = Automatic;
				CURRENT_PROJECT_VERSION = 1;
				DEVELOPMENT_ASSET_PATHS = "\"Calculator/Preview Content\"";
				DEVELOPMENT_TEAM = XNQKTXHVUP;
				ENABLE_PREVIEWS = YES;
				GENERATE_INFOPLIST_FILE = YES;
				INFOPLIST_KEY_UIApplicationSceneManifest_Generation = YES;
				INFOPLIST_KEY_UIApplicationSupportsIndirectInputEvents = YES;
				INFOPLIST_KEY_UILaunchScreen_Generation = YES;
				INFOPLIST_KEY_UISupportedInterfaceOrientations_iPad = "UIInterfaceOrientationPortrait UIInterfaceOrientationPortraitUpsideDown UIInterfaceOrientationLandscapeLeft UIInterfaceOrientationLandscapeRight";
				INFOPLIST_KEY_UISupportedInterfaceOrientations_iPhone = "UIInterfaceOrientationPortrait UIInterfaceOrientationLandscapeLeft UIInterfaceOrientationLandscapeRight";
				LD_RUNPATH_SEARCH_PATHS = (
					"$(inherited)",
					"@executable_path/Frameworks",
				);
				MARKETING_VERSION = 1.0;
				PRODUCT_BUNDLE_IDENTIFIER = CodeButt3rs.Calculator;
				PRODUCT_NAME = "$(TARGET_NAME)";
				SWIFT_EMIT_LOC_STRINGS = YES;
				SWIFT_VERSION = 5.0;
				TARGETED_DEVICE_FAMILY = "1,2";
			};
			name = Debug;
		};
		3173040E2ADECC5A00D9DFCF /* Release */ = {
			isa = XCBuildConfiguration;
			buildSettings = {
				ASSETCATALOG_COMPILER_APPICON_NAME = AppIcon;
				ASSETCATALOG_COMPILER_GLOBAL_ACCENT_COLOR_NAME = AccentColor;
				CODE_SIGN_STYLE = Automatic;
				CURRENT_PROJECT_VERSION = 1;
				DEVELOPMENT_ASSET_PATHS = "\"Calculator/Preview Content\"";
				DEVELOPMENT_TEAM = XNQKTXHVUP;
				ENABLE_PREVIEWS = YES;
				GENERATE_INFOPLIST_FILE = YES;
				INFOPLIST_KEY_UIApplicationSceneManifest_Generation = YES;
				INFOPLIST_KEY_UIApplicationSupportsIndirectInputEvents = YES;
				INFOPLIST_KEY_UILaunchScreen_Generation = YES;
				INFOPLIST_KEY_UISupportedInterfaceOrientations_iPad = "UIInterfaceOrientationPortrait UIInterfaceOrientationPortraitUpsideDown UIInterfaceOrientationLandscapeLeft UIInterfaceOrientationLandscapeRight";
				INFOPLIST_KEY_UISupportedInterfaceOrientations_iPhone = "UIInterfaceOrientationPortrait UIInterfaceOrientationLandscapeLeft UIInterfaceOrientationLandscapeRight";
				LD_RUNPATH_SEARCH_PATHS = (
					"$(inherited)",
					"@executable_path/Frameworks",
				);
				MARKETING_VERSION = 1.0;
				PRODUCT_BUNDLE_IDENTIFIER = CodeButt3rs.Calculator;
				PRODUCT_NAME = "$(TARGET_NAME)";
				SWIFT_EMIT_LOC_STRINGS = YES;
				SWIFT_VERSION = 5.0;
				TARGETED_DEVICE_FAMILY = "1,2";
			};
			name = Release;
		};
		317304102ADECC5A00D9DFCF /* Debug */ = {
			isa = XCBuildConfiguration;
			buildSettings = {
				ALWAYS_EMBED_SWIFT_STANDARD_LIBRARIES = YES;
				BUNDLE_LOADER = "$(TEST_HOST)";
				CODE_SIGN_STYLE = Automatic;
				CURRENT_PROJECT_VERSION = 1;
				DEVELOPMENT_TEAM = XNQKTXHVUP;
				GENERATE_INFOPLIST_FILE = YES;
				IPHONEOS_DEPLOYMENT_TARGET = 17.0;
				MARKETING_VERSION = 1.0;
				PRODUCT_BUNDLE_IDENTIFIER = CodeButt3rs.CalculatorTests;
				PRODUCT_NAME = "$(TARGET_NAME)";
				SWIFT_EMIT_LOC_STRINGS = NO;
				SWIFT_VERSION = 5.0;
				TARGETED_DEVICE_FAMILY = "1,2";
				TEST_HOST = "$(BUILT_PRODUCTS_DIR)/Calculator.app/$(BUNDLE_EXECUTABLE_FOLDER_PATH)/Calculator";
			};
			name = Debug;
		};
		317304112ADECC5A00D9DFCF /* Release */ = {
			isa = XCBuildConfiguration;
			buildSettings = {
				ALWAYS_EMBED_SWIFT_STANDARD_LIBRARIES = YES;
				BUNDLE_LOADER = "$(TEST_HOST)";
				CODE_SIGN_STYLE = Automatic;
				CURRENT_PROJECT_VERSION = 1;
				DEVELOPMENT_TEAM = XNQKTXHVUP;
				GENERATE_INFOPLIST_FILE = YES;
				IPHONEOS_DEPLOYMENT_TARGET = 17.0;
				MARKETING_VERSION = 1.0;
				PRODUCT_BUNDLE_IDENTIFIER = CodeButt3rs.CalculatorTests;
				PRODUCT_NAME = "$(TARGET_NAME)";
				SWIFT_EMIT_LOC_STRINGS = NO;
				SWIFT_VERSION = 5.0;
				TARGETED_DEVICE_FAMILY = "1,2";
				TEST_HOST = "$(BUILT_PRODUCTS_DIR)/Calculator.app/$(BUNDLE_EXECUTABLE_FOLDER_PATH)/Calculator";
			};
			name = Release;
		};
		317304132ADECC5A00D9DFCF /* Debug */ = {
			isa = XCBuildConfiguration;
			buildSettings = {
				ALWAYS_EMBED_SWIFT_STANDARD_LIBRARIES = YES;
				CODE_SIGN_STYLE = Automatic;
				CURRENT_PROJECT_VERSION = 1;
				DEVELOPMENT_TEAM = XNQKTXHVUP;
				GENERATE_INFOPLIST_FILE = YES;
				MARKETING_VERSION = 1.0;
				PRODUCT_BUNDLE_IDENTIFIER = CodeButt3rs.CalculatorUITests;
				PRODUCT_NAME = "$(TARGET_NAME)";
				SWIFT_EMIT_LOC_STRINGS = NO;
				SWIFT_VERSION = 5.0;
				TARGETED_DEVICE_FAMILY = "1,2";
				TEST_TARGET_NAME = Calculator;
			};
			name = Debug;
		};
		317304142ADECC5A00D9DFCF /* Release */ = {
			isa = XCBuildConfiguration;
			buildSettings = {
				ALWAYS_EMBED_SWIFT_STANDARD_LIBRARIES = YES;
				CODE_SIGN_STYLE = Automatic;
				CURRENT_PROJECT_VERSION = 1;
				DEVELOPMENT_TEAM = XNQKTXHVUP;
				GENERATE_INFOPLIST_FILE = YES;
				MARKETING_VERSION = 1.0;
				PRODUCT_BUNDLE_IDENTIFIER = CodeButt3rs.CalculatorUITests;
				PRODUCT_NAME = "$(TARGET_NAME)";
				SWIFT_EMIT_LOC_STRINGS = NO;
				SWIFT_VERSION = 5.0;
				TARGETED_DEVICE_FAMILY = "1,2";
				TEST_TARGET_NAME = Calculator;
			};
			name = Release;
		};
/* End XCBuildConfiguration section */

/* Begin XCConfigurationList section */
		317303E32ADECC5800D9DFCF /* Build configuration list for PBXProject "Calculator" */ = {
			isa = XCConfigurationList;
			buildConfigurations = (
				3173040A2ADECC5A00D9DFCF /* Debug */,
				3173040B2ADECC5A00D9DFCF /* Release */,
			);
			defaultConfigurationIsVisible = 0;
			defaultConfigurationName = Release;
		};
		3173040C2ADECC5A00D9DFCF /* Build configuration list for PBXNativeTarget "Calculator" */ = {
			isa = XCConfigurationList;
			buildConfigurations = (
				3173040D2ADECC5A00D9DFCF /* Debug */,
				3173040E2ADECC5A00D9DFCF /* Release */,
			);
			defaultConfigurationIsVisible = 0;
			defaultConfigurationName = Release;
		};
		3173040F2ADECC5A00D9DFCF /* Build configuration list for PBXNativeTarget "CalculatorTests" */ = {
			isa = XCConfigurationList;
			buildConfigurations = (
				317304102ADECC5A00D9DFCF /* Debug */,
				317304112ADECC5A00D9DFCF /* Release */,
			);
			defaultConfigurationIsVisible = 0;
			defaultConfigurationName = Release;
		};
		317304122ADECC5A00D9DFCF /* Build configuration list for PBXNativeTarget "CalculatorUITests" */ = {
			isa = XCConfigurationList;
			buildConfigurations = (
				317304132ADECC5A00D9DFCF /* Debug */,
				317304142ADECC5A00D9DFCF /* Release */,
			);
			defaultConfigurationIsVisible = 0;
			defaultConfigurationName = Release;
		};
/* End XCConfigurationList section */
	};
	rootObject = 317303E02ADECC5800D9DFCF /* Project object */;
}
